
Microsoft Visual Studio Solution File, Format Version 12.00
# Visual Studio Version 17
VisualStudioVersion = 17.10.35027.167
MinimumVisualStudioVersion = 10.0.40219.1
Project("{FAE04EC0-301F-11D3-BF4B-00C04F79EFBC}") = "GlobalData", "GlobalData\GlobalData.csproj", "{30814162-2798-438C-B64D-748E23AD6F91}"
EndProject
Project("{FAE04EC0-301F-11D3-BF4B-00C04F79EFBC}") = "App1", "App1\App1.csproj", "{B8F2F112-CD95-4185-9011-0243F2CFB03E}"
EndProject
Project("{FAE04EC0-301F-11D3-BF4B-00C04F79EFBC}") = "App2", "App2\App2.csproj", "{C313BA9F-00A5-44BF-8B4D-16F6AB273EA4}"
EndProject
Global
	GlobalSection(SolutionConfigurationPlatforms) = preSolution
		Debug|Any CPU = Debug|Any CPU
		Release|Any CPU = Release|Any CPU
	EndGlobalSection
	GlobalSection(ProjectConfigurationPlatforms) = postSolution
		{30814162-2798-438C-B64D-748E23AD6F91}.Debug|Any CPU.ActiveCfg = Debug|Any CPU
		{30814162-2798-438C-B64D-748E23AD6F91}.Debug|Any CPU.Build.0 = Debug|Any CPU
		{30814162-2798-438C-B64D-748E23AD6F91}.Release|Any CPU.ActiveCfg = Release|Any CPU
		{30814162-2798-438C-B64D-748E23AD6F91}.Release|Any CPU.Build.0 = Release|Any CPU
		{B8F2F112-CD95-4185-9011-0243F2CFB03E}.Debug|Any CPU.ActiveCfg = Debug|Any CPU
		{B8F2F112-CD95-4185-9011-0243F2CFB03E}.Debug|Any CPU.Build.0 = Debug|Any CPU
		{B8F2F112-CD95-4185-9011-0243F2CFB03E}.Release|Any CPU.ActiveCfg = Release|Any CPU
		{B8F2F112-CD95-4185-9011-0243F2CFB03E}.Release|Any CPU.Build.0 = Release|Any CPU
		{C313BA9F-00A5-44BF-8B4D-16F6AB273EA4}.Debug|Any CPU.ActiveCfg = Debug|Any CPU
		{C313BA9F-00A5-44BF-8B4D-16F6AB273EA4}.Debug|Any CPU.Build.0 = Debug|Any CPU
		{C313BA9F-00A5-44BF-8B4D-16F6AB273EA4}.Release|Any CPU.ActiveCfg = Release|Any CPU
		{C313BA9F-00A5-44BF-8B4D-16F6AB273EA4}.Release|Any CPU.Build.0 = Release|Any CPU
	EndGlobalSection
	GlobalSection(SolutionProperties) = preSolution
		HideSolutionNode = FALSE
	EndGlobalSection
	GlobalSection(ExtensibilityGlobals) = postSolution
		SolutionGuid = {2AA92193-8900-4012-A156-1E12007A629B}
	EndGlobalSection
EndGlobal
